
Microsoft Visual Studio Solution File, Format Version 12.00
# Visual Studio 15
VisualStudioVersion = 15.0.28010.2026
MinimumVisualStudioVersion = 10.0.40219.1
Project("{8BC9CEB8-8B4A-11D0-8D11-00A0C91BC942}") = "OpenCLDLL", "DLLProject\DLLProject.vcxproj", "{C1C763CA-75F7-46B4-B9BE-3EEA6F9327E3}"
EndProject
Project("{8BC9CEB8-8B4A-11D0-8D11-00A0C91BC942}") = "OpenCLDLLDebugApp", "MathClient\MathClient.vcxproj", "{86CB5992-E5E9-4E60-A776-0571DD4482A0}"
EndProject
Project("{FAE04EC0-301F-11D3-BF4B-00C04F79EFBC}") = "BotImageHelper", "BotImageHelper\BotImageHelper.csproj", "{69A0CB06-0E80-400E-A3A5-247B3C49F242}"
EndProject
Project("{FAE04EC0-301F-11D3-BF4B-00C04F79EFBC}") = "WindowsInputDLL", "WindowsInputDLL\WindowsInputDLL.csproj", "{8B7464AC-1D9F-4FB6-801C-7C14171D2434}"
EndProject
Project("{FAE04EC0-301F-11D3-BF4B-00C04F79EFBC}") = "WindowsInpuDLLTestApp", "WindowsInpuDLLTestApp\WindowsInpuDLLTestApp.csproj", "{C2111DC5-BF3B-4B8D-8519-F887D156BD67}"
	ProjectSection(ProjectDependencies) = postProject
		{8B7464AC-1D9F-4FB6-801C-7C14171D2434} = {8B7464AC-1D9F-4FB6-801C-7C14171D2434}
	EndProjectSection
EndProject
Project("{FAE04EC0-301F-11D3-BF4B-00C04F79EFBC}") = "Silence.Simulation", "silence-master\silence-master\Silence.Simulation\Silence.Simulation.csproj", "{CE200217-B899-4CA8-833A-7DCAD1B6F7D9}"
EndProject
Project("{FAE04EC0-301F-11D3-BF4B-00C04F79EFBC}") = "Silence.Macro", "silence-master\silence-master\Silence.Macro\Silence.Macro.csproj", "{63B186AA-962C-4A5F-90EE-268BBB5377F2}"
EndProject
Project("{FAE04EC0-301F-11D3-BF4B-00C04F79EFBC}") = "Silence.Hooking", "silence-master\silence-master\Silence.Hooking\Silence.Hooking.csproj", "{8897B3B9-FAFE-4DD7-81B5-611008CB6437}"
EndProject
Project("{FAE04EC0-301F-11D3-BF4B-00C04F79EFBC}") = "MacroRecorder", "MacroRecorder\MacroRecorder.csproj", "{5B6F65B1-9C3A-43ED-9609-6188A4B7D642}"
EndProject
Project("{FAE04EC0-301F-11D3-BF4B-00C04F79EFBC}") = "AmigoDB", "AmigoDB\AmigoDB.csproj", "{BB80C0DD-F7A8-46C1-9A57-94F40CE558B8}"
EndProject
Project("{FAE04EC0-301F-11D3-BF4B-00C04F79EFBC}") = "MathHelper", "MathHelper\MathHelper.csproj", "{CB32F411-14C3-427F-96B6-4392158D946D}"
EndProject
Project("{FAE04EC0-301F-11D3-BF4B-00C04F79EFBC}") = "Resources", "Resources\Resources.csproj", "{33D638AA-126B-4D15-82D0-D120FBFB009A}"
EndProject
Project("{D954291E-2A0B-460D-934E-DC6B0785DB48}") = "PokerShared", "PokerShared\PokerShared.shproj", "{C00F3ED2-18A9-48F8-9C8C-9BD8C5D86C64}"
EndProject
Project("{FAE04EC0-301F-11D3-BF4B-00C04F79EFBC}") = "Player", "Player\Player.csproj", "{27A1AE5C-AB8B-411F-A264-B86FD29F04DC}"
EndProject
Project("{FAE04EC0-301F-11D3-BF4B-00C04F79EFBC}") = "ScreenScraping", "ScreenScraping\ScreenScraping.csproj", "{D2533038-1684-413A-8256-159FF28B5069}"
EndProject
Project("{FAE04EC0-301F-11D3-BF4B-00C04F79EFBC}") = "OpenCL", "OpenCL\OpenCL.csproj", "{CB520A0C-8958-4BCF-90D4-FE258AF954A1}"
EndProject
Project("{FAE04EC0-301F-11D3-BF4B-00C04F79EFBC}") = "OpenCLTest", "OpenCLTest\OpenCLTest.csproj", "{40248B33-1DC0-4680-80D5-B81266F868EF}"
EndProject
Global
	GlobalSection(SharedMSBuildProjectFiles) = preSolution
		PokerShared\PokerShared.projitems*{33d638aa-126b-4d15-82d0-d120fbfb009a}*SharedItemsImports = 4
		PokerShared\PokerShared.projitems*{c00f3ed2-18a9-48f8-9c8c-9bd8c5d86c64}*SharedItemsImports = 13
	EndGlobalSection
	GlobalSection(SolutionConfigurationPlatforms) = preSolution
		Debug|Any CPU = Debug|Any CPU
		Debug|ARM = Debug|ARM
		Debug|x64 = Debug|x64
		Debug|x86 = Debug|x86
		Release|Any CPU = Release|Any CPU
		Release|ARM = Release|ARM
		Release|x64 = Release|x64
		Release|x86 = Release|x86
	EndGlobalSection
	GlobalSection(ProjectConfigurationPlatforms) = postSolution
		{C1C763CA-75F7-46B4-B9BE-3EEA6F9327E3}.Debug|Any CPU.ActiveCfg = Debug|Win32
		{C1C763CA-75F7-46B4-B9BE-3EEA6F9327E3}.Debug|ARM.ActiveCfg = Debug|Win32
		{C1C763CA-75F7-46B4-B9BE-3EEA6F9327E3}.Debug|x64.ActiveCfg = Debug|x64
		{C1C763CA-75F7-46B4-B9BE-3EEA6F9327E3}.Debug|x64.Build.0 = Debug|x64
		{C1C763CA-75F7-46B4-B9BE-3EEA6F9327E3}.Debug|x86.ActiveCfg = Debug|Win32
		{C1C763CA-75F7-46B4-B9BE-3EEA6F9327E3}.Debug|x86.Build.0 = Debug|Win32
		{C1C763CA-75F7-46B4-B9BE-3EEA6F9327E3}.Release|Any CPU.ActiveCfg = Release|Win32
		{C1C763CA-75F7-46B4-B9BE-3EEA6F9327E3}.Release|ARM.ActiveCfg = Release|Win32
		{C1C763CA-75F7-46B4-B9BE-3EEA6F9327E3}.Release|x64.ActiveCfg = Release|x64
		{C1C763CA-75F7-46B4-B9BE-3EEA6F9327E3}.Release|x64.Build.0 = Release|x64
		{C1C763CA-75F7-46B4-B9BE-3EEA6F9327E3}.Release|x86.ActiveCfg = Release|Win32
		{C1C763CA-75F7-46B4-B9BE-3EEA6F9327E3}.Release|x86.Build.0 = Release|Win32
		{86CB5992-E5E9-4E60-A776-0571DD4482A0}.Debug|Any CPU.ActiveCfg = Debug|Win32
		{86CB5992-E5E9-4E60-A776-0571DD4482A0}.Debug|ARM.ActiveCfg = Debug|Win32
		{86CB5992-E5E9-4E60-A776-0571DD4482A0}.Debug|x64.ActiveCfg = Debug|x64
		{86CB5992-E5E9-4E60-A776-0571DD4482A0}.Debug|x64.Build.0 = Debug|x64
		{86CB5992-E5E9-4E60-A776-0571DD4482A0}.Debug|x86.ActiveCfg = Debug|Win32
		{86CB5992-E5E9-4E60-A776-0571DD4482A0}.Debug|x86.Build.0 = Debug|Win32
		{86CB5992-E5E9-4E60-A776-0571DD4482A0}.Release|Any CPU.ActiveCfg = Release|Win32
		{86CB5992-E5E9-4E60-A776-0571DD4482A0}.Release|ARM.ActiveCfg = Release|Win32
		{86CB5992-E5E9-4E60-A776-0571DD4482A0}.Release|x64.ActiveCfg = Release|x64
		{86CB5992-E5E9-4E60-A776-0571DD4482A0}.Release|x64.Build.0 = Release|x64
		{86CB5992-E5E9-4E60-A776-0571DD4482A0}.Release|x86.ActiveCfg = Release|Win32
		{86CB5992-E5E9-4E60-A776-0571DD4482A0}.Release|x86.Build.0 = Release|Win32
		{69A0CB06-0E80-400E-A3A5-247B3C49F242}.Debug|Any CPU.ActiveCfg = Debug|Any CPU
		{69A0CB06-0E80-400E-A3A5-247B3C49F242}.Debug|Any CPU.Build.0 = Debug|Any CPU
		{69A0CB06-0E80-400E-A3A5-247B3C49F242}.Debug|ARM.ActiveCfg = Debug|Any CPU
		{69A0CB06-0E80-400E-A3A5-247B3C49F242}.Debug|ARM.Build.0 = Debug|Any CPU
		{69A0CB06-0E80-400E-A3A5-247B3C49F242}.Debug|x64.ActiveCfg = Debug|Any CPU
		{69A0CB06-0E80-400E-A3A5-247B3C49F242}.Debug|x64.Build.0 = Debug|Any CPU
		{69A0CB06-0E80-400E-A3A5-247B3C49F242}.Debug|x86.ActiveCfg = Debug|Any CPU
		{69A0CB06-0E80-400E-A3A5-247B3C49F242}.Debug|x86.Build.0 = Debug|Any CPU
		{69A0CB06-0E80-400E-A3A5-247B3C49F242}.Release|Any CPU.ActiveCfg = Release|Any CPU
		{69A0CB06-0E80-400E-A3A5-247B3C49F242}.Release|Any CPU.Build.0 = Release|Any CPU
		{69A0CB06-0E80-400E-A3A5-247B3C49F242}.Release|ARM.ActiveCfg = Release|Any CPU
		{69A0CB06-0E80-400E-A3A5-247B3C49F242}.Release|ARM.Build.0 = Release|Any CPU
		{69A0CB06-0E80-400E-A3A5-247B3C49F242}.Release|x64.ActiveCfg = Release|Any CPU
		{69A0CB06-0E80-400E-A3A5-247B3C49F242}.Release|x64.Build.0 = Release|Any CPU
		{69A0CB06-0E80-400E-A3A5-247B3C49F242}.Release|x86.ActiveCfg = Release|Any CPU
		{69A0CB06-0E80-400E-A3A5-247B3C49F242}.Release|x86.Build.0 = Release|Any CPU
		{8B7464AC-1D9F-4FB6-801C-7C14171D2434}.Debug|Any CPU.ActiveCfg = Debug|Any CPU
		{8B7464AC-1D9F-4FB6-801C-7C14171D2434}.Debug|Any CPU.Build.0 = Debug|Any CPU
		{8B7464AC-1D9F-4FB6-801C-7C14171D2434}.Debug|ARM.ActiveCfg = Debug|Any CPU
		{8B7464AC-1D9F-4FB6-801C-7C14171D2434}.Debug|ARM.Build.0 = Debug|Any CPU
		{8B7464AC-1D9F-4FB6-801C-7C14171D2434}.Debug|x64.ActiveCfg = Debug|Any CPU
		{8B7464AC-1D9F-4FB6-801C-7C14171D2434}.Debug|x64.Build.0 = Debug|Any CPU
		{8B7464AC-1D9F-4FB6-801C-7C14171D2434}.Debug|x86.ActiveCfg = Debug|Any CPU
		{8B7464AC-1D9F-4FB6-801C-7C14171D2434}.Debug|x86.Build.0 = Debug|Any CPU
		{8B7464AC-1D9F-4FB6-801C-7C14171D2434}.Release|Any CPU.ActiveCfg = Release|Any CPU
		{8B7464AC-1D9F-4FB6-801C-7C14171D2434}.Release|Any CPU.Build.0 = Release|Any CPU
		{8B7464AC-1D9F-4FB6-801C-7C14171D2434}.Release|ARM.ActiveCfg = Release|Any CPU
		{8B7464AC-1D9F-4FB6-801C-7C14171D2434}.Release|ARM.Build.0 = Release|Any CPU
		{8B7464AC-1D9F-4FB6-801C-7C14171D2434}.Release|x64.ActiveCfg = Release|Any CPU
		{8B7464AC-1D9F-4FB6-801C-7C14171D2434}.Release|x64.Build.0 = Release|Any CPU
		{8B7464AC-1D9F-4FB6-801C-7C14171D2434}.Release|x86.ActiveCfg = Release|Any CPU
		{8B7464AC-1D9F-4FB6-801C-7C14171D2434}.Release|x86.Build.0 = Release|Any CPU
		{C2111DC5-BF3B-4B8D-8519-F887D156BD67}.Debug|Any CPU.ActiveCfg = Debug|Any CPU
		{C2111DC5-BF3B-4B8D-8519-F887D156BD67}.Debug|Any CPU.Build.0 = Debug|Any CPU
		{C2111DC5-BF3B-4B8D-8519-F887D156BD67}.Debug|ARM.ActiveCfg = Debug|Any CPU
		{C2111DC5-BF3B-4B8D-8519-F887D156BD67}.Debug|ARM.Build.0 = Debug|Any CPU
		{C2111DC5-BF3B-4B8D-8519-F887D156BD67}.Debug|x64.ActiveCfg = Debug|Any CPU
		{C2111DC5-BF3B-4B8D-8519-F887D156BD67}.Debug|x64.Build.0 = Debug|Any CPU
		{C2111DC5-BF3B-4B8D-8519-F887D156BD67}.Debug|x86.ActiveCfg = Debug|Any CPU
		{C2111DC5-BF3B-4B8D-8519-F887D156BD67}.Debug|x86.Build.0 = Debug|Any CPU
		{C2111DC5-BF3B-4B8D-8519-F887D156BD67}.Release|Any CPU.ActiveCfg = Release|Any CPU
		{C2111DC5-BF3B-4B8D-8519-F887D156BD67}.Release|Any CPU.Build.0 = Release|Any CPU
		{C2111DC5-BF3B-4B8D-8519-F887D156BD67}.Release|ARM.ActiveCfg = Release|Any CPU
		{C2111DC5-BF3B-4B8D-8519-F887D156BD67}.Release|ARM.Build.0 = Release|Any CPU
		{C2111DC5-BF3B-4B8D-8519-F887D156BD67}.Release|x64.ActiveCfg = Release|Any CPU
		{C2111DC5-BF3B-4B8D-8519-F887D156BD67}.Release|x64.Build.0 = Release|Any CPU
		{C2111DC5-BF3B-4B8D-8519-F887D156BD67}.Release|x86.ActiveCfg = Release|Any CPU
		{C2111DC5-BF3B-4B8D-8519-F887D156BD67}.Release|x86.Build.0 = Release|Any CPU
		{CE200217-B899-4CA8-833A-7DCAD1B6F7D9}.Debug|Any CPU.ActiveCfg = Debug|Any CPU
		{CE200217-B899-4CA8-833A-7DCAD1B6F7D9}.Debug|Any CPU.Build.0 = Debug|Any CPU
		{CE200217-B899-4CA8-833A-7DCAD1B6F7D9}.Debug|ARM.ActiveCfg = Debug|Any CPU
		{CE200217-B899-4CA8-833A-7DCAD1B6F7D9}.Debug|ARM.Build.0 = Debug|Any CPU
		{CE200217-B899-4CA8-833A-7DCAD1B6F7D9}.Debug|x64.ActiveCfg = Debug|Any CPU
		{CE200217-B899-4CA8-833A-7DCAD1B6F7D9}.Debug|x64.Build.0 = Debug|Any CPU
		{CE200217-B899-4CA8-833A-7DCAD1B6F7D9}.Debug|x86.ActiveCfg = Debug|Any CPU
		{CE200217-B899-4CA8-833A-7DCAD1B6F7D9}.Debug|x86.Build.0 = Debug|Any CPU
		{CE200217-B899-4CA8-833A-7DCAD1B6F7D9}.Release|Any CPU.ActiveCfg = Release|Any CPU
		{CE200217-B899-4CA8-833A-7DCAD1B6F7D9}.Release|Any CPU.Build.0 = Release|Any CPU
		{CE200217-B899-4CA8-833A-7DCAD1B6F7D9}.Release|ARM.ActiveCfg = Release|Any CPU
		{CE200217-B899-4CA8-833A-7DCAD1B6F7D9}.Release|ARM.Build.0 = Release|Any CPU
		{CE200217-B899-4CA8-833A-7DCAD1B6F7D9}.Release|x64.ActiveCfg = Release|Any CPU
		{CE200217-B899-4CA8-833A-7DCAD1B6F7D9}.Release|x64.Build.0 = Release|Any CPU
		{CE200217-B899-4CA8-833A-7DCAD1B6F7D9}.Release|x86.ActiveCfg = Release|Any CPU
		{CE200217-B899-4CA8-833A-7DCAD1B6F7D9}.Release|x86.Build.0 = Release|Any CPU
		{63B186AA-962C-4A5F-90EE-268BBB5377F2}.Debug|Any CPU.ActiveCfg = Debug|Any CPU
		{63B186AA-962C-4A5F-90EE-268BBB5377F2}.Debug|Any CPU.Build.0 = Debug|Any CPU
		{63B186AA-962C-4A5F-90EE-268BBB5377F2}.Debug|ARM.ActiveCfg = Debug|Any CPU
		{63B186AA-962C-4A5F-90EE-268BBB5377F2}.Debug|ARM.Build.0 = Debug|Any CPU
		{63B186AA-962C-4A5F-90EE-268BBB5377F2}.Debug|x64.ActiveCfg = Debug|Any CPU
		{63B186AA-962C-4A5F-90EE-268BBB5377F2}.Debug|x64.Build.0 = Debug|Any CPU
		{63B186AA-962C-4A5F-90EE-268BBB5377F2}.Debug|x86.ActiveCfg = Debug|Any CPU
		{63B186AA-962C-4A5F-90EE-268BBB5377F2}.Debug|x86.Build.0 = Debug|Any CPU
		{63B186AA-962C-4A5F-90EE-268BBB5377F2}.Release|Any CPU.ActiveCfg = Release|Any CPU
		{63B186AA-962C-4A5F-90EE-268BBB5377F2}.Release|Any CPU.Build.0 = Release|Any CPU
		{63B186AA-962C-4A5F-90EE-268BBB5377F2}.Release|ARM.ActiveCfg = Release|Any CPU
		{63B186AA-962C-4A5F-90EE-268BBB5377F2}.Release|ARM.Build.0 = Release|Any CPU
		{63B186AA-962C-4A5F-90EE-268BBB5377F2}.Release|x64.ActiveCfg = Release|Any CPU
		{63B186AA-962C-4A5F-90EE-268BBB5377F2}.Release|x64.Build.0 = Release|Any CPU
		{63B186AA-962C-4A5F-90EE-268BBB5377F2}.Release|x86.ActiveCfg = Release|Any CPU
		{63B186AA-962C-4A5F-90EE-268BBB5377F2}.Release|x86.Build.0 = Release|Any CPU
		{8897B3B9-FAFE-4DD7-81B5-611008CB6437}.Debug|Any CPU.ActiveCfg = Debug|Any CPU
		{8897B3B9-FAFE-4DD7-81B5-611008CB6437}.Debug|Any CPU.Build.0 = Debug|Any CPU
		{8897B3B9-FAFE-4DD7-81B5-611008CB6437}.Debug|ARM.ActiveCfg = Debug|Any CPU
		{8897B3B9-FAFE-4DD7-81B5-611008CB6437}.Debug|ARM.Build.0 = Debug|Any CPU
		{8897B3B9-FAFE-4DD7-81B5-611008CB6437}.Debug|x64.ActiveCfg = Debug|Any CPU
		{8897B3B9-FAFE-4DD7-81B5-611008CB6437}.Debug|x64.Build.0 = Debug|Any CPU
		{8897B3B9-FAFE-4DD7-81B5-611008CB6437}.Debug|x86.ActiveCfg = Debug|Any CPU
		{8897B3B9-FAFE-4DD7-81B5-611008CB6437}.Debug|x86.Build.0 = Debug|Any CPU
		{8897B3B9-FAFE-4DD7-81B5-611008CB6437}.Release|Any CPU.ActiveCfg = Release|Any CPU
		{8897B3B9-FAFE-4DD7-81B5-611008CB6437}.Release|Any CPU.Build.0 = Release|Any CPU
		{8897B3B9-FAFE-4DD7-81B5-611008CB6437}.Release|ARM.ActiveCfg = Release|Any CPU
		{8897B3B9-FAFE-4DD7-81B5-611008CB6437}.Release|ARM.Build.0 = Release|Any CPU
		{8897B3B9-FAFE-4DD7-81B5-611008CB6437}.Release|x64.ActiveCfg = Release|Any CPU
		{8897B3B9-FAFE-4DD7-81B5-611008CB6437}.Release|x64.Build.0 = Release|Any CPU
		{8897B3B9-FAFE-4DD7-81B5-611008CB6437}.Release|x86.ActiveCfg = Release|Any CPU
		{8897B3B9-FAFE-4DD7-81B5-611008CB6437}.Release|x86.Build.0 = Release|Any CPU
		{5B6F65B1-9C3A-43ED-9609-6188A4B7D642}.Debug|Any CPU.ActiveCfg = Debug|Any CPU
		{5B6F65B1-9C3A-43ED-9609-6188A4B7D642}.Debug|Any CPU.Build.0 = Debug|Any CPU
		{5B6F65B1-9C3A-43ED-9609-6188A4B7D642}.Debug|ARM.ActiveCfg = Debug|Any CPU
		{5B6F65B1-9C3A-43ED-9609-6188A4B7D642}.Debug|ARM.Build.0 = Debug|Any CPU
		{5B6F65B1-9C3A-43ED-9609-6188A4B7D642}.Debug|x64.ActiveCfg = Debug|Any CPU
		{5B6F65B1-9C3A-43ED-9609-6188A4B7D642}.Debug|x64.Build.0 = Debug|Any CPU
		{5B6F65B1-9C3A-43ED-9609-6188A4B7D642}.Debug|x86.ActiveCfg = Debug|Any CPU
		{5B6F65B1-9C3A-43ED-9609-6188A4B7D642}.Debug|x86.Build.0 = Debug|Any CPU
		{5B6F65B1-9C3A-43ED-9609-6188A4B7D642}.Release|Any CPU.ActiveCfg = Release|Any CPU
		{5B6F65B1-9C3A-43ED-9609-6188A4B7D642}.Release|Any CPU.Build.0 = Release|Any CPU
		{5B6F65B1-9C3A-43ED-9609-6188A4B7D642}.Release|ARM.ActiveCfg = Release|Any CPU
		{5B6F65B1-9C3A-43ED-9609-6188A4B7D642}.Release|ARM.Build.0 = Release|Any CPU
		{5B6F65B1-9C3A-43ED-9609-6188A4B7D642}.Release|x64.ActiveCfg = Release|Any CPU
		{5B6F65B1-9C3A-43ED-9609-6188A4B7D642}.Release|x64.Build.0 = Release|Any CPU
		{5B6F65B1-9C3A-43ED-9609-6188A4B7D642}.Release|x86.ActiveCfg = Release|Any CPU
		{5B6F65B1-9C3A-43ED-9609-6188A4B7D642}.Release|x86.Build.0 = Release|Any CPU
		{BB80C0DD-F7A8-46C1-9A57-94F40CE558B8}.Debug|Any CPU.ActiveCfg = Debug|Any CPU
		{BB80C0DD-F7A8-46C1-9A57-94F40CE558B8}.Debug|Any CPU.Build.0 = Debug|Any CPU
		{BB80C0DD-F7A8-46C1-9A57-94F40CE558B8}.Debug|ARM.ActiveCfg = Debug|Any CPU
		{BB80C0DD-F7A8-46C1-9A57-94F40CE558B8}.Debug|ARM.Build.0 = Debug|Any CPU
		{BB80C0DD-F7A8-46C1-9A57-94F40CE558B8}.Debug|x64.ActiveCfg = Debug|Any CPU
		{BB80C0DD-F7A8-46C1-9A57-94F40CE558B8}.Debug|x64.Build.0 = Debug|Any CPU
		{BB80C0DD-F7A8-46C1-9A57-94F40CE558B8}.Debug|x86.ActiveCfg = Debug|Any CPU
		{BB80C0DD-F7A8-46C1-9A57-94F40CE558B8}.Debug|x86.Build.0 = Debug|Any CPU
		{BB80C0DD-F7A8-46C1-9A57-94F40CE558B8}.Release|Any CPU.ActiveCfg = Release|Any CPU
		{BB80C0DD-F7A8-46C1-9A57-94F40CE558B8}.Release|Any CPU.Build.0 = Release|Any CPU
		{BB80C0DD-F7A8-46C1-9A57-94F40CE558B8}.Release|ARM.ActiveCfg = Release|Any CPU
		{BB80C0DD-F7A8-46C1-9A57-94F40CE558B8}.Release|ARM.Build.0 = Release|Any CPU
		{BB80C0DD-F7A8-46C1-9A57-94F40CE558B8}.Release|x64.ActiveCfg = Release|Any CPU
		{BB80C0DD-F7A8-46C1-9A57-94F40CE558B8}.Release|x64.Build.0 = Release|Any CPU
		{BB80C0DD-F7A8-46C1-9A57-94F40CE558B8}.Release|x86.ActiveCfg = Release|Any CPU
		{BB80C0DD-F7A8-46C1-9A57-94F40CE558B8}.Release|x86.Build.0 = Release|Any CPU
		{CB32F411-14C3-427F-96B6-4392158D946D}.Debug|Any CPU.ActiveCfg = Debug|Any CPU
		{CB32F411-14C3-427F-96B6-4392158D946D}.Debug|Any CPU.Build.0 = Debug|Any CPU
		{CB32F411-14C3-427F-96B6-4392158D946D}.Debug|ARM.ActiveCfg = Debug|Any CPU
		{CB32F411-14C3-427F-96B6-4392158D946D}.Debug|ARM.Build.0 = Debug|Any CPU
		{CB32F411-14C3-427F-96B6-4392158D946D}.Debug|x64.ActiveCfg = Debug|Any CPU
		{CB32F411-14C3-427F-96B6-4392158D946D}.Debug|x64.Build.0 = Debug|Any CPU
		{CB32F411-14C3-427F-96B6-4392158D946D}.Debug|x86.ActiveCfg = Debug|Any CPU
		{CB32F411-14C3-427F-96B6-4392158D946D}.Debug|x86.Build.0 = Debug|Any CPU
		{CB32F411-14C3-427F-96B6-4392158D946D}.Release|Any CPU.ActiveCfg = Release|Any CPU
		{CB32F411-14C3-427F-96B6-4392158D946D}.Release|Any CPU.Build.0 = Release|Any CPU
		{CB32F411-14C3-427F-96B6-4392158D946D}.Release|ARM.ActiveCfg = Release|Any CPU
		{CB32F411-14C3-427F-96B6-4392158D946D}.Release|ARM.Build.0 = Release|Any CPU
		{CB32F411-14C3-427F-96B6-4392158D946D}.Release|x64.ActiveCfg = Release|Any CPU
		{CB32F411-14C3-427F-96B6-4392158D946D}.Release|x64.Build.0 = Release|Any CPU
		{CB32F411-14C3-427F-96B6-4392158D946D}.Release|x86.ActiveCfg = Release|Any CPU
		{CB32F411-14C3-427F-96B6-4392158D946D}.Release|x86.Build.0 = Release|Any CPU
		{33D638AA-126B-4D15-82D0-D120FBFB009A}.Debug|Any CPU.ActiveCfg = Debug|Any CPU
		{33D638AA-126B-4D15-82D0-D120FBFB009A}.Debug|Any CPU.Build.0 = Debug|Any CPU
		{33D638AA-126B-4D15-82D0-D120FBFB009A}.Debug|ARM.ActiveCfg = Debug|Any CPU
		{33D638AA-126B-4D15-82D0-D120FBFB009A}.Debug|ARM.Build.0 = Debug|Any CPU
		{33D638AA-126B-4D15-82D0-D120FBFB009A}.Debug|x64.ActiveCfg = Debug|Any CPU
		{33D638AA-126B-4D15-82D0-D120FBFB009A}.Debug|x64.Build.0 = Debug|Any CPU
		{33D638AA-126B-4D15-82D0-D120FBFB009A}.Debug|x86.ActiveCfg = Debug|Any CPU
		{33D638AA-126B-4D15-82D0-D120FBFB009A}.Debug|x86.Build.0 = Debug|Any CPU
		{33D638AA-126B-4D15-82D0-D120FBFB009A}.Release|Any CPU.ActiveCfg = Release|Any CPU
		{33D638AA-126B-4D15-82D0-D120FBFB009A}.Release|Any CPU.Build.0 = Release|Any CPU
		{33D638AA-126B-4D15-82D0-D120FBFB009A}.Release|ARM.ActiveCfg = Release|Any CPU
		{33D638AA-126B-4D15-82D0-D120FBFB009A}.Release|ARM.Build.0 = Release|Any CPU
		{33D638AA-126B-4D15-82D0-D120FBFB009A}.Release|x64.ActiveCfg = Release|Any CPU
		{33D638AA-126B-4D15-82D0-D120FBFB009A}.Release|x64.Build.0 = Release|Any CPU
		{33D638AA-126B-4D15-82D0-D120FBFB009A}.Release|x86.ActiveCfg = Release|Any CPU
		{33D638AA-126B-4D15-82D0-D120FBFB009A}.Release|x86.Build.0 = Release|Any CPU
		{27A1AE5C-AB8B-411F-A264-B86FD29F04DC}.Debug|Any CPU.ActiveCfg = Debug|Any CPU
		{27A1AE5C-AB8B-411F-A264-B86FD29F04DC}.Debug|Any CPU.Build.0 = Debug|Any CPU
		{27A1AE5C-AB8B-411F-A264-B86FD29F04DC}.Debug|ARM.ActiveCfg = Debug|Any CPU
		{27A1AE5C-AB8B-411F-A264-B86FD29F04DC}.Debug|ARM.Build.0 = Debug|Any CPU
		{27A1AE5C-AB8B-411F-A264-B86FD29F04DC}.Debug|x64.ActiveCfg = Debug|Any CPU
		{27A1AE5C-AB8B-411F-A264-B86FD29F04DC}.Debug|x64.Build.0 = Debug|Any CPU
		{27A1AE5C-AB8B-411F-A264-B86FD29F04DC}.Debug|x86.ActiveCfg = Debug|Any CPU
		{27A1AE5C-AB8B-411F-A264-B86FD29F04DC}.Debug|x86.Build.0 = Debug|Any CPU
		{27A1AE5C-AB8B-411F-A264-B86FD29F04DC}.Release|Any CPU.ActiveCfg = Release|Any CPU
		{27A1AE5C-AB8B-411F-A264-B86FD29F04DC}.Release|Any CPU.Build.0 = Release|Any CPU
		{27A1AE5C-AB8B-411F-A264-B86FD29F04DC}.Release|ARM.ActiveCfg = Release|Any CPU
		{27A1AE5C-AB8B-411F-A264-B86FD29F04DC}.Release|ARM.Build.0 = Release|Any CPU
		{27A1AE5C-AB8B-411F-A264-B86FD29F04DC}.Release|x64.ActiveCfg = Release|Any CPU
		{27A1AE5C-AB8B-411F-A264-B86FD29F04DC}.Release|x64.Build.0 = Release|Any CPU
		{27A1AE5C-AB8B-411F-A264-B86FD29F04DC}.Release|x86.ActiveCfg = Release|Any CPU
		{27A1AE5C-AB8B-411F-A264-B86FD29F04DC}.Release|x86.Build.0 = Release|Any CPU
		{D2533038-1684-413A-8256-159FF28B5069}.Debug|Any CPU.ActiveCfg = Debug|Any CPU
		{D2533038-1684-413A-8256-159FF28B5069}.Debug|Any CPU.Build.0 = Debug|Any CPU
		{D2533038-1684-413A-8256-159FF28B5069}.Debug|ARM.ActiveCfg = Debug|Any CPU
		{D2533038-1684-413A-8256-159FF28B5069}.Debug|ARM.Build.0 = Debug|Any CPU
		{D2533038-1684-413A-8256-159FF28B5069}.Debug|x64.ActiveCfg = Debug|Any CPU
		{D2533038-1684-413A-8256-159FF28B5069}.Debug|x64.Build.0 = Debug|Any CPU
		{D2533038-1684-413A-8256-159FF28B5069}.Debug|x86.ActiveCfg = Debug|Any CPU
		{D2533038-1684-413A-8256-159FF28B5069}.Debug|x86.Build.0 = Debug|Any CPU
		{D2533038-1684-413A-8256-159FF28B5069}.Release|Any CPU.ActiveCfg = Release|Any CPU
		{D2533038-1684-413A-8256-159FF28B5069}.Release|Any CPU.Build.0 = Release|Any CPU
		{D2533038-1684-413A-8256-159FF28B5069}.Release|ARM.ActiveCfg = Release|Any CPU
		{D2533038-1684-413A-8256-159FF28B5069}.Release|ARM.Build.0 = Release|Any CPU
		{D2533038-1684-413A-8256-159FF28B5069}.Release|x64.ActiveCfg = Release|Any CPU
		{D2533038-1684-413A-8256-159FF28B5069}.Release|x64.Build.0 = Release|Any CPU
		{D2533038-1684-413A-8256-159FF28B5069}.Release|x86.ActiveCfg = Release|Any CPU
		{D2533038-1684-413A-8256-159FF28B5069}.Release|x86.Build.0 = Release|Any CPU
		{CB520A0C-8958-4BCF-90D4-FE258AF954A1}.Debug|Any CPU.ActiveCfg = Debug|Any CPU
		{CB520A0C-8958-4BCF-90D4-FE258AF954A1}.Debug|Any CPU.Build.0 = Debug|Any CPU
		{CB520A0C-8958-4BCF-90D4-FE258AF954A1}.Debug|ARM.ActiveCfg = Debug|Any CPU
		{CB520A0C-8958-4BCF-90D4-FE258AF954A1}.Debug|ARM.Build.0 = Debug|Any CPU
		{CB520A0C-8958-4BCF-90D4-FE258AF954A1}.Debug|x64.ActiveCfg = Debug|Any CPU
		{CB520A0C-8958-4BCF-90D4-FE258AF954A1}.Debug|x64.Build.0 = Debug|Any CPU
		{CB520A0C-8958-4BCF-90D4-FE258AF954A1}.Debug|x86.ActiveCfg = Debug|Any CPU
		{CB520A0C-8958-4BCF-90D4-FE258AF954A1}.Debug|x86.Build.0 = Debug|Any CPU
		{CB520A0C-8958-4BCF-90D4-FE258AF954A1}.Release|Any CPU.ActiveCfg = Release|Any CPU
		{CB520A0C-8958-4BCF-90D4-FE258AF954A1}.Release|Any CPU.Build.0 = Release|Any CPU
		{CB520A0C-8958-4BCF-90D4-FE258AF954A1}.Release|ARM.ActiveCfg = Release|Any CPU
		{CB520A0C-8958-4BCF-90D4-FE258AF954A1}.Release|ARM.Build.0 = Release|Any CPU
		{CB520A0C-8958-4BCF-90D4-FE258AF954A1}.Release|x64.ActiveCfg = Release|Any CPU
		{CB520A0C-8958-4BCF-90D4-FE258AF954A1}.Release|x64.Build.0 = Release|Any CPU
		{CB520A0C-8958-4BCF-90D4-FE258AF954A1}.Release|x86.ActiveCfg = Release|Any CPU
		{CB520A0C-8958-4BCF-90D4-FE258AF954A1}.Release|x86.Build.0 = Release|Any CPU
		{40248B33-1DC0-4680-80D5-B81266F868EF}.Debug|Any CPU.ActiveCfg = Debug|Any CPU
		{40248B33-1DC0-4680-80D5-B81266F868EF}.Debug|Any CPU.Build.0 = Debug|Any CPU
		{40248B33-1DC0-4680-80D5-B81266F868EF}.Debug|ARM.ActiveCfg = Debug|Any CPU
		{40248B33-1DC0-4680-80D5-B81266F868EF}.Debug|ARM.Build.0 = Debug|Any CPU
		{40248B33-1DC0-4680-80D5-B81266F868EF}.Debug|x64.ActiveCfg = Debug|Any CPU
		{40248B33-1DC0-4680-80D5-B81266F868EF}.Debug|x64.Build.0 = Debug|Any CPU
		{40248B33-1DC0-4680-80D5-B81266F868EF}.Debug|x86.ActiveCfg = Debug|Any CPU
		{40248B33-1DC0-4680-80D5-B81266F868EF}.Debug|x86.Build.0 = Debug|Any CPU
		{40248B33-1DC0-4680-80D5-B81266F868EF}.Release|Any CPU.ActiveCfg = Release|Any CPU
		{40248B33-1DC0-4680-80D5-B81266F868EF}.Release|Any CPU.Build.0 = Release|Any CPU
		{40248B33-1DC0-4680-80D5-B81266F868EF}.Release|ARM.ActiveCfg = Release|Any CPU
		{40248B33-1DC0-4680-80D5-B81266F868EF}.Release|ARM.Build.0 = Release|Any CPU
		{40248B33-1DC0-4680-80D5-B81266F868EF}.Release|x64.ActiveCfg = Release|Any CPU
		{40248B33-1DC0-4680-80D5-B81266F868EF}.Release|x64.Build.0 = Release|Any CPU
		{40248B33-1DC0-4680-80D5-B81266F868EF}.Release|x86.ActiveCfg = Release|Any CPU
		{40248B33-1DC0-4680-80D5-B81266F868EF}.Release|x86.Build.0 = Release|Any CPU
	EndGlobalSection
	GlobalSection(SolutionProperties) = preSolution
		HideSolutionNode = FALSE
	EndGlobalSection
	GlobalSection(ExtensibilityGlobals) = postSolution
		SolutionGuid = {5880EAD0-6BE9-4A20-A3A7-BDA7DFA8B361}
	EndGlobalSection
EndGlobal
